
Microsoft Visual Studio Solution File, Format Version 12.00
# Visual Studio Version 16
VisualStudioVersion = 16.0.30011.22
MinimumVisualStudioVersion = 10.0.40219.1
Project("{8BC9CEB8-8B4A-11D0-8D11-00A0C91BC942}") = "_27_04_2020_FirstProject", "MarathonFromLevelUp\MarathonFromLevelUp.vcxproj", "{9F5687EF-B61C-4FF1-920A-9A6F12253A42}"
EndProject
Project("{8BC9CEB8-8B4A-11D0-8D11-00A0C91BC942}") = "_28_04_2020_SecondProject", "_28_04_2020_SecondProject\_28_04_2020_SecondProject.vcxproj", "{9EC33E53-C820-4B50-BC14-FC68DC68B070}"
EndProject
Project("{8BC9CEB8-8B4A-11D0-8D11-00A0C91BC942}") = "_29_04_2020_DataTypes", "_29_04_2020_DataTypes\_29_04_2020_DataTypes.vcxproj", "{0168FB85-17AB-47C2-939F-B8BBA5C85232}"
EndProject
Project("{8BC9CEB8-8B4A-11D0-8D11-00A0C91BC942}") = "_30_04_2020_TaskToRepeat", "_30_04_2020_TaskToRepeat\_30_04_2020_TaskToRepeat.vcxproj", "{337742E4-3EE0-478A-A9E3-70BF36D4E7AE}"
EndProject
Global
	GlobalSection(SolutionConfigurationPlatforms) = preSolution
		Debug|x64 = Debug|x64
		Debug|x86 = Debug|x86
		Release|x64 = Release|x64
		Release|x86 = Release|x86
	EndGlobalSection
	GlobalSection(ProjectConfigurationPlatforms) = postSolution
		{9F5687EF-B61C-4FF1-920A-9A6F12253A42}.Debug|x64.ActiveCfg = Debug|x64
		{9F5687EF-B61C-4FF1-920A-9A6F12253A42}.Debug|x64.Build.0 = Debug|x64
		{9F5687EF-B61C-4FF1-920A-9A6F12253A42}.Debug|x86.ActiveCfg = Debug|Win32
		{9F5687EF-B61C-4FF1-920A-9A6F12253A42}.Debug|x86.Build.0 = Debug|Win32
		{9F5687EF-B61C-4FF1-920A-9A6F12253A42}.Release|x64.ActiveCfg = Release|x64
		{9F5687EF-B61C-4FF1-920A-9A6F12253A42}.Release|x64.Build.0 = Release|x64
		{9F5687EF-B61C-4FF1-920A-9A6F12253A42}.Release|x86.ActiveCfg = Release|Win32
		{9F5687EF-B61C-4FF1-920A-9A6F12253A42}.Release|x86.Build.0 = Release|Win32
		{9EC33E53-C820-4B50-BC14-FC68DC68B070}.Debug|x64.ActiveCfg = Debug|x64
		{9EC33E53-C820-4B50-BC14-FC68DC68B070}.Debug|x64.Build.0 = Debug|x64
		{9EC33E53-C820-4B50-BC14-FC68DC68B070}.Debug|x86.ActiveCfg = Debug|Win32
		{9EC33E53-C820-4B50-BC14-FC68DC68B070}.Debug|x86.Build.0 = Debug|Win32
		{9EC33E53-C820-4B50-BC14-FC68DC68B070}.Release|x64.ActiveCfg = Release|x64
		{9EC33E53-C820-4B50-BC14-FC68DC68B070}.Release|x64.Build.0 = Release|x64
		{9EC33E53-C820-4B50-BC14-FC68DC68B070}.Release|x86.ActiveCfg = Release|Win32
		{9EC33E53-C820-4B50-BC14-FC68DC68B070}.Release|x86.Build.0 = Release|Win32
		{0168FB85-17AB-47C2-939F-B8BBA5C85232}.Debug|x64.ActiveCfg = Debug|x64
		{0168FB85-17AB-47C2-939F-B8BBA5C85232}.Debug|x64.Build.0 = Debug|x64
		{0168FB85-17AB-47C2-939F-B8BBA5C85232}.Debug|x86.ActiveCfg = Debug|Win32
		{0168FB85-17AB-47C2-939F-B8BBA5C85232}.Debug|x86.Build.0 = Debug|Win32
		{0168FB85-17AB-47C2-939F-B8BBA5C85232}.Release|x64.ActiveCfg = Release|x64
		{0168FB85-17AB-47C2-939F-B8BBA5C85232}.Release|x64.Build.0 = Release|x64
		{0168FB85-17AB-47C2-939F-B8BBA5C85232}.Release|x86.ActiveCfg = Release|Win32
		{0168FB85-17AB-47C2-939F-B8BBA5C85232}.Release|x86.Build.0 = Release|Win32
		{337742E4-3EE0-478A-A9E3-70BF36D4E7AE}.Debug|x64.ActiveCfg = Debug|x64
		{337742E4-3EE0-478A-A9E3-70BF36D4E7AE}.Debug|x64.Build.0 = Debug|x64
		{337742E4-3EE0-478A-A9E3-70BF36D4E7AE}.Debug|x86.ActiveCfg = Debug|Win32
		{337742E4-3EE0-478A-A9E3-70BF36D4E7AE}.Debug|x86.Build.0 = Debug|Win32
		{337742E4-3EE0-478A-A9E3-70BF36D4E7AE}.Release|x64.ActiveCfg = Release|x64
		{337742E4-3EE0-478A-A9E3-70BF36D4E7AE}.Release|x64.Build.0 = Release|x64
		{337742E4-3EE0-478A-A9E3-70BF36D4E7AE}.Release|x86.ActiveCfg = Release|Win32
		{337742E4-3EE0-478A-A9E3-70BF36D4E7AE}.Release|x86.Build.0 = Release|Win32
	EndGlobalSection
	GlobalSection(SolutionProperties) = preSolution
		HideSolutionNode = FALSE
	EndGlobalSection
	GlobalSection(ExtensibilityGlobals) = postSolution
		SolutionGuid = {912C05A8-97F2-49D8-9E82-E5A2DBB362D9}
	EndGlobalSection
EndGlobal
